
Microsoft Visual Studio Solution File, Format Version 12.00
# Visual Studio 2013
VisualStudioVersion = 12.0.30723.0
MinimumVisualStudioVersion = 10.0.40219.1
Project("{FAE04EC0-301F-11D3-BF4B-00C04F79EFBC}") = "MoonSharp", "MoonSharp\MoonSharp.csproj", "{2A4BD262-D6EB-4611-A28B-27B6DAEB089B}"
EndProject
Project("{FAE04EC0-301F-11D3-BF4B-00C04F79EFBC}") = "MoonSharp.Interpreter.net35-client", "MoonSharp.Interpreter\MoonSharp.Interpreter.net35-client.csproj", "{91EA9B9D-FE03-4273-BDAF-8AD42EDE1E59}"
EndProject
Project("{FAE04EC0-301F-11D3-BF4B-00C04F79EFBC}") = "PerformanceComparison", "PerformanceComparison\PerformanceComparison.csproj", "{01C3C379-C816-4779-942D-0263763F8EA5}"
EndProject
Project("{FAE04EC0-301F-11D3-BF4B-00C04F79EFBC}") = "MoonSharpTests", "MoonSharpTests\MoonSharpTests.csproj", "{470C034F-1F1F-499C-9499-DC00B9EEEDE9}"
EndProject
Project("{2150E333-8FDC-42A3-9474-1A3956D46DE8}") = "root", "root", "{F02DBEDA-6AEB-461A-9557-DA7E2CB56C5A}"
	ProjectSection(SolutionItems) = preProject
		..\LICENSE = ..\LICENSE
		..\README.md = ..\README.md
	EndProjectSection
EndProject
Project("{FAE04EC0-301F-11D3-BF4B-00C04F79EFBC}") = "MoonSharp.Debugger", "MoonSharp.Debugger\MoonSharp.Debugger.csproj", "{F4F82CCE-2E13-441B-939C-63CF2343B1C9}"
EndProject
Project("{7CF6DF6D-3B04-46F8-A40B-537D21BCA0B4}") = "MoonSharp.Documentation", "MoonSharp.Documentation\MoonSharp.Documentation.shfbproj", "{26B3033C-D1E2-4188-870C-D197E95A7F6B}"
EndProject
Project("{FAE04EC0-301F-11D3-BF4B-00C04F79EFBC}") = "MoonSharp.RemoteDebugger", "MoonSharp.RemoteDebugger\MoonSharp.RemoteDebugger.csproj", "{43D3AD52-FED5-4305-B0F4-6B991220CD0A}"
EndProject
Project("{2150E333-8FDC-42A3-9474-1A3956D46DE8}") = "DevTools", "DevTools", "{3C626068-E8CE-4F62-8974-F42A56F4EFD3}"
EndProject
Project("{2150E333-8FDC-42A3-9474-1A3956D46DE8}") = "Interpreters", "Interpreters", "{16A9EA72-79A5-448D-B7A3-55E7D8362479}"
EndProject
Project("{2150E333-8FDC-42A3-9474-1A3956D46DE8}") = "RemoteDebuggers", "RemoteDebuggers", "{5014C740-F6C7-4995-8D40-C250FB159A20}"
EndProject
Project("{2150E333-8FDC-42A3-9474-1A3956D46DE8}") = "Distribution", "Distribution", "{59F722D5-6E5C-4544-A849-18E7CE876FDF}"
EndProject
Project("{2150E333-8FDC-42A3-9474-1A3956D46DE8}") = "Tests", "Tests", "{FA582319-EA17-4C52-870D-C00EF793628F}"
EndProject
Project("{2150E333-8FDC-42A3-9474-1A3956D46DE8}") = ".nuget", ".nuget", "{03227F36-CD75-4789-8696-92842D9D4632}"
	ProjectSection(SolutionItems) = preProject
		.nuget\NuGet.Config = .nuget\NuGet.Config
		.nuget\NuGet.exe = .nuget\NuGet.exe
		.nuget\NuGet.targets = .nuget\NuGet.targets
	EndProjectSection
EndProject
Project("{FAE04EC0-301F-11D3-BF4B-00C04F79EFBC}") = "MoonSharp.Interpreter.net40-client", "Projects\MoonSharp.Interpreter.net40-client\MoonSharp.Interpreter.net40-client.csproj", "{9352651C-E157-4A3D-BD76-34CBF7C92226}"
EndProject
Project("{FAE04EC0-301F-11D3-BF4B-00C04F79EFBC}") = "SynchProjects", "SynchProjects\SynchProjects.csproj", "{321C9CCF-6F9B-4751-AB34-882DEE982A7E}"
EndProject
Project("{FAE04EC0-301F-11D3-BF4B-00C04F79EFBC}") = "MoonSharp.Interpreter.portable-net45", "Projects\MoonSharp.Interpreter.portable-net45\MoonSharp.Interpreter.portable-net45.csproj", "{DB8EAE05-1C48-4085-B8FA-701A672118C8}"
EndProject
Project("{FAE04EC0-301F-11D3-BF4B-00C04F79EFBC}") = "MoonSharp.Interpreter.portable-net40", "Projects\MoonSharp.Interpreter.portable-net40\MoonSharp.Interpreter.portable-net40.csproj", "{8989DB36-937D-4D0C-8B38-2C5DC84858B6}"
EndProject
Project("{FAE04EC0-301F-11D3-BF4B-00C04F79EFBC}") = "MoonSharp.Interpreter.net45", "Projects\MoonSharp.Interpreter.net45\MoonSharp.Interpreter.net45.csproj", "{CD3D3223-80E4-49E7-9D6F-3096F3FFD510}"
EndProject
Project("{FAE04EC0-301F-11D3-BF4B-00C04F79EFBC}") = "MoonSharp.Interpreter.Tests.net35", "Tests\MoonSharp.Interpreter.Tests\MoonSharp.Interpreter.Tests.net35.csproj", "{4AD350E6-E296-43EF-9FEA-CB70358467E4}"
EndProject
Project("{FAE04EC0-301F-11D3-BF4B-00C04F79EFBC}") = "MoonSharp.Interpreter.Tests.net40", "Tests\Projects\MoonSharp.Interpreter.Tests.net40\MoonSharp.Interpreter.Tests.net40.csproj", "{94137A7A-D6F0-4746-908E-5931B4943437}"
EndProject
Project("{FAE04EC0-301F-11D3-BF4B-00C04F79EFBC}") = "MoonSharp.Interpreter.Tests.portable-net40", "Tests\Projects\MoonSharp.Interpreter.Tests.portable-net40\MoonSharp.Interpreter.Tests.portable-net40.csproj", "{4EB5BEEE-DBA2-4F5C-BFAE-D5E272A2638D}"
EndProject
Project("{FAE04EC0-301F-11D3-BF4B-00C04F79EFBC}") = "MoonSharp.Interpreter.Tests.net45", "Tests\Projects\MoonSharp.Interpreter.Tests.net45\MoonSharp.Interpreter.Tests.net45.csproj", "{847B59FC-85B9-4E30-9853-35AF56DEE5CC}"
EndProject
Project("{FAE04EC0-301F-11D3-BF4B-00C04F79EFBC}") = "MoonSharp.Interpreter.Tests.portable-net45", "Tests\Projects\MoonSharp.Interpreter.Tests.portable-net45\MoonSharp.Interpreter.Tests.portable-net45.csproj", "{856AF8BD-E652-4DBE-A79F-8C45FF283076}"
EndProject
Project("{2150E333-8FDC-42A3-9474-1A3956D46DE8}") = "TestRunners", "TestRunners", "{B9F4AE0C-B816-4BFF-BFB4-54D31648EE16}"
EndProject
Project("{FAE04EC0-301F-11D3-BF4B-00C04F79EFBC}") = "Windows8TestRunner", "Tests\Runners\Windows8TestRunner\Windows8TestRunner.csproj", "{A3997CB2-8FB4-4301-A577-79FDC91C047A}"
EndProject
Project("{FAE04EC0-301F-11D3-BF4B-00C04F79EFBC}") = "MoonSharp.Interpreter.Tests.External.portable-net45", "Tests\Projects\MoonSharp.Interpreter.Tests.External.portable-net45\MoonSharp.Interpreter.Tests.External.portable-net45.csproj", "{C6E6C23F-0FF6-4834-BE70-8813B2A340E3}"
EndProject
Project("{FAE04EC0-301F-11D3-BF4B-00C04F79EFBC}") = "MoonSharp.Interpreter.netcore45", "Projects\MoonSharp.Interpreter.netcore45\MoonSharp.Interpreter.netcore45.csproj", "{2BA5C09D-A114-42FC-B056-E82CEA40FB12}"
EndProject
Global
	GlobalSection(SolutionConfigurationPlatforms) = preSolution
		Debug|Any CPU = Debug|Any CPU
		Debug|ARM = Debug|ARM
		Debug|x64 = Debug|x64
		Debug|x86 = Debug|x86
		Release|Any CPU = Release|Any CPU
		Release|ARM = Release|ARM
		Release|x64 = Release|x64
		Release|x86 = Release|x86
	EndGlobalSection
	GlobalSection(ProjectConfigurationPlatforms) = postSolution
		{2A4BD262-D6EB-4611-A28B-27B6DAEB089B}.Debug|Any CPU.ActiveCfg = Debug|Any CPU
		{2A4BD262-D6EB-4611-A28B-27B6DAEB089B}.Debug|Any CPU.Build.0 = Debug|Any CPU
		{2A4BD262-D6EB-4611-A28B-27B6DAEB089B}.Debug|ARM.ActiveCfg = Debug|Any CPU
		{2A4BD262-D6EB-4611-A28B-27B6DAEB089B}.Debug|x64.ActiveCfg = Debug|Any CPU
		{2A4BD262-D6EB-4611-A28B-27B6DAEB089B}.Debug|x86.ActiveCfg = Debug|x86
		{2A4BD262-D6EB-4611-A28B-27B6DAEB089B}.Debug|x86.Build.0 = Debug|x86
		{2A4BD262-D6EB-4611-A28B-27B6DAEB089B}.Release|Any CPU.ActiveCfg = Release|Any CPU
		{2A4BD262-D6EB-4611-A28B-27B6DAEB089B}.Release|Any CPU.Build.0 = Release|Any CPU
		{2A4BD262-D6EB-4611-A28B-27B6DAEB089B}.Release|ARM.ActiveCfg = Release|Any CPU
		{2A4BD262-D6EB-4611-A28B-27B6DAEB089B}.Release|x64.ActiveCfg = Release|Any CPU
		{2A4BD262-D6EB-4611-A28B-27B6DAEB089B}.Release|x86.ActiveCfg = Release|x86
		{2A4BD262-D6EB-4611-A28B-27B6DAEB089B}.Release|x86.Build.0 = Release|x86
		{91EA9B9D-FE03-4273-BDAF-8AD42EDE1E59}.Debug|Any CPU.ActiveCfg = Debug|Any CPU
		{91EA9B9D-FE03-4273-BDAF-8AD42EDE1E59}.Debug|Any CPU.Build.0 = Debug|Any CPU
		{91EA9B9D-FE03-4273-BDAF-8AD42EDE1E59}.Debug|ARM.ActiveCfg = Debug|Any CPU
		{91EA9B9D-FE03-4273-BDAF-8AD42EDE1E59}.Debug|x64.ActiveCfg = Debug|Any CPU
		{91EA9B9D-FE03-4273-BDAF-8AD42EDE1E59}.Debug|x86.ActiveCfg = Debug|x86
		{91EA9B9D-FE03-4273-BDAF-8AD42EDE1E59}.Debug|x86.Build.0 = Debug|x86
		{91EA9B9D-FE03-4273-BDAF-8AD42EDE1E59}.Release|Any CPU.ActiveCfg = Release|Any CPU
		{91EA9B9D-FE03-4273-BDAF-8AD42EDE1E59}.Release|Any CPU.Build.0 = Release|Any CPU
		{91EA9B9D-FE03-4273-BDAF-8AD42EDE1E59}.Release|ARM.ActiveCfg = Release|Any CPU
		{91EA9B9D-FE03-4273-BDAF-8AD42EDE1E59}.Release|x64.ActiveCfg = Release|Any CPU
		{91EA9B9D-FE03-4273-BDAF-8AD42EDE1E59}.Release|x86.ActiveCfg = Release|x86
		{91EA9B9D-FE03-4273-BDAF-8AD42EDE1E59}.Release|x86.Build.0 = Release|x86
		{01C3C379-C816-4779-942D-0263763F8EA5}.Debug|Any CPU.ActiveCfg = Debug|Any CPU
		{01C3C379-C816-4779-942D-0263763F8EA5}.Debug|Any CPU.Build.0 = Debug|Any CPU
		{01C3C379-C816-4779-942D-0263763F8EA5}.Debug|ARM.ActiveCfg = Debug|Any CPU
		{01C3C379-C816-4779-942D-0263763F8EA5}.Debug|x64.ActiveCfg = Debug|Any CPU
		{01C3C379-C816-4779-942D-0263763F8EA5}.Debug|x86.ActiveCfg = Debug|x86
		{01C3C379-C816-4779-942D-0263763F8EA5}.Debug|x86.Build.0 = Debug|x86
		{01C3C379-C816-4779-942D-0263763F8EA5}.Release|Any CPU.ActiveCfg = Release|Any CPU
		{01C3C379-C816-4779-942D-0263763F8EA5}.Release|Any CPU.Build.0 = Release|Any CPU
		{01C3C379-C816-4779-942D-0263763F8EA5}.Release|ARM.ActiveCfg = Release|Any CPU
		{01C3C379-C816-4779-942D-0263763F8EA5}.Release|x64.ActiveCfg = Release|Any CPU
		{01C3C379-C816-4779-942D-0263763F8EA5}.Release|x86.ActiveCfg = Release|x86
		{01C3C379-C816-4779-942D-0263763F8EA5}.Release|x86.Build.0 = Release|x86
		{470C034F-1F1F-499C-9499-DC00B9EEEDE9}.Debug|Any CPU.ActiveCfg = Debug|Any CPU
		{470C034F-1F1F-499C-9499-DC00B9EEEDE9}.Debug|Any CPU.Build.0 = Debug|Any CPU
		{470C034F-1F1F-499C-9499-DC00B9EEEDE9}.Debug|ARM.ActiveCfg = Debug|Any CPU
		{470C034F-1F1F-499C-9499-DC00B9EEEDE9}.Debug|x64.ActiveCfg = Debug|Any CPU
		{470C034F-1F1F-499C-9499-DC00B9EEEDE9}.Debug|x86.ActiveCfg = Debug|x86
		{470C034F-1F1F-499C-9499-DC00B9EEEDE9}.Debug|x86.Build.0 = Debug|x86
		{470C034F-1F1F-499C-9499-DC00B9EEEDE9}.Release|Any CPU.ActiveCfg = Release|Any CPU
		{470C034F-1F1F-499C-9499-DC00B9EEEDE9}.Release|Any CPU.Build.0 = Release|Any CPU
		{470C034F-1F1F-499C-9499-DC00B9EEEDE9}.Release|ARM.ActiveCfg = Release|Any CPU
		{470C034F-1F1F-499C-9499-DC00B9EEEDE9}.Release|x64.ActiveCfg = Release|Any CPU
		{470C034F-1F1F-499C-9499-DC00B9EEEDE9}.Release|x86.ActiveCfg = Release|x86
		{470C034F-1F1F-499C-9499-DC00B9EEEDE9}.Release|x86.Build.0 = Release|x86
		{F4F82CCE-2E13-441B-939C-63CF2343B1C9}.Debug|Any CPU.ActiveCfg = Debug|Any CPU
		{F4F82CCE-2E13-441B-939C-63CF2343B1C9}.Debug|Any CPU.Build.0 = Debug|Any CPU
		{F4F82CCE-2E13-441B-939C-63CF2343B1C9}.Debug|ARM.ActiveCfg = Debug|Any CPU
		{F4F82CCE-2E13-441B-939C-63CF2343B1C9}.Debug|x64.ActiveCfg = Debug|Any CPU
		{F4F82CCE-2E13-441B-939C-63CF2343B1C9}.Debug|x86.ActiveCfg = Debug|x86
		{F4F82CCE-2E13-441B-939C-63CF2343B1C9}.Debug|x86.Build.0 = Debug|x86
		{F4F82CCE-2E13-441B-939C-63CF2343B1C9}.Release|Any CPU.ActiveCfg = Release|Any CPU
		{F4F82CCE-2E13-441B-939C-63CF2343B1C9}.Release|Any CPU.Build.0 = Release|Any CPU
		{F4F82CCE-2E13-441B-939C-63CF2343B1C9}.Release|ARM.ActiveCfg = Release|Any CPU
		{F4F82CCE-2E13-441B-939C-63CF2343B1C9}.Release|x64.ActiveCfg = Release|Any CPU
		{F4F82CCE-2E13-441B-939C-63CF2343B1C9}.Release|x86.ActiveCfg = Release|x86
		{F4F82CCE-2E13-441B-939C-63CF2343B1C9}.Release|x86.Build.0 = Release|x86
		{26B3033C-D1E2-4188-870C-D197E95A7F6B}.Debug|Any CPU.ActiveCfg = Debug|Any CPU
		{26B3033C-D1E2-4188-870C-D197E95A7F6B}.Debug|ARM.ActiveCfg = Debug|Any CPU
		{26B3033C-D1E2-4188-870C-D197E95A7F6B}.Debug|x64.ActiveCfg = Debug|Any CPU
		{26B3033C-D1E2-4188-870C-D197E95A7F6B}.Debug|x86.ActiveCfg = Debug|Any CPU
		{26B3033C-D1E2-4188-870C-D197E95A7F6B}.Release|Any CPU.ActiveCfg = Release|Any CPU
		{26B3033C-D1E2-4188-870C-D197E95A7F6B}.Release|ARM.ActiveCfg = Release|Any CPU
		{26B3033C-D1E2-4188-870C-D197E95A7F6B}.Release|x64.ActiveCfg = Release|Any CPU
		{26B3033C-D1E2-4188-870C-D197E95A7F6B}.Release|x86.ActiveCfg = Release|Any CPU
		{43D3AD52-FED5-4305-B0F4-6B991220CD0A}.Debug|Any CPU.ActiveCfg = Debug|Any CPU
		{43D3AD52-FED5-4305-B0F4-6B991220CD0A}.Debug|Any CPU.Build.0 = Debug|Any CPU
		{43D3AD52-FED5-4305-B0F4-6B991220CD0A}.Debug|ARM.ActiveCfg = Debug|Any CPU
		{43D3AD52-FED5-4305-B0F4-6B991220CD0A}.Debug|x64.ActiveCfg = Debug|Any CPU
		{43D3AD52-FED5-4305-B0F4-6B991220CD0A}.Debug|x86.ActiveCfg = Debug|Any CPU
		{43D3AD52-FED5-4305-B0F4-6B991220CD0A}.Release|Any CPU.ActiveCfg = Release|Any CPU
		{43D3AD52-FED5-4305-B0F4-6B991220CD0A}.Release|Any CPU.Build.0 = Release|Any CPU
		{43D3AD52-FED5-4305-B0F4-6B991220CD0A}.Release|ARM.ActiveCfg = Release|Any CPU
		{43D3AD52-FED5-4305-B0F4-6B991220CD0A}.Release|x64.ActiveCfg = Release|Any CPU
		{43D3AD52-FED5-4305-B0F4-6B991220CD0A}.Release|x86.ActiveCfg = Release|Any CPU
		{9352651C-E157-4A3D-BD76-34CBF7C92226}.Debug|Any CPU.ActiveCfg = Debug|Any CPU
		{9352651C-E157-4A3D-BD76-34CBF7C92226}.Debug|Any CPU.Build.0 = Debug|Any CPU
		{9352651C-E157-4A3D-BD76-34CBF7C92226}.Debug|ARM.ActiveCfg = Debug|Any CPU
		{9352651C-E157-4A3D-BD76-34CBF7C92226}.Debug|x64.ActiveCfg = Debug|Any CPU
		{9352651C-E157-4A3D-BD76-34CBF7C92226}.Debug|x86.ActiveCfg = Debug|Any CPU
		{9352651C-E157-4A3D-BD76-34CBF7C92226}.Release|Any CPU.ActiveCfg = Release|Any CPU
		{9352651C-E157-4A3D-BD76-34CBF7C92226}.Release|Any CPU.Build.0 = Release|Any CPU
		{9352651C-E157-4A3D-BD76-34CBF7C92226}.Release|ARM.ActiveCfg = Release|Any CPU
		{9352651C-E157-4A3D-BD76-34CBF7C92226}.Release|x64.ActiveCfg = Release|Any CPU
		{9352651C-E157-4A3D-BD76-34CBF7C92226}.Release|x86.ActiveCfg = Release|Any CPU
		{321C9CCF-6F9B-4751-AB34-882DEE982A7E}.Debug|Any CPU.ActiveCfg = Debug|Any CPU
		{321C9CCF-6F9B-4751-AB34-882DEE982A7E}.Debug|Any CPU.Build.0 = Debug|Any CPU
		{321C9CCF-6F9B-4751-AB34-882DEE982A7E}.Debug|ARM.ActiveCfg = Debug|Any CPU
		{321C9CCF-6F9B-4751-AB34-882DEE982A7E}.Debug|x64.ActiveCfg = Debug|Any CPU
		{321C9CCF-6F9B-4751-AB34-882DEE982A7E}.Debug|x86.ActiveCfg = Debug|Any CPU
		{321C9CCF-6F9B-4751-AB34-882DEE982A7E}.Release|Any CPU.ActiveCfg = Release|Any CPU
		{321C9CCF-6F9B-4751-AB34-882DEE982A7E}.Release|Any CPU.Build.0 = Release|Any CPU
		{321C9CCF-6F9B-4751-AB34-882DEE982A7E}.Release|ARM.ActiveCfg = Release|Any CPU
		{321C9CCF-6F9B-4751-AB34-882DEE982A7E}.Release|x64.ActiveCfg = Release|Any CPU
		{321C9CCF-6F9B-4751-AB34-882DEE982A7E}.Release|x86.ActiveCfg = Release|Any CPU
		{DB8EAE05-1C48-4085-B8FA-701A672118C8}.Debug|Any CPU.ActiveCfg = Debug|Any CPU
		{DB8EAE05-1C48-4085-B8FA-701A672118C8}.Debug|Any CPU.Build.0 = Debug|Any CPU
		{DB8EAE05-1C48-4085-B8FA-701A672118C8}.Debug|ARM.ActiveCfg = Debug|Any CPU
		{DB8EAE05-1C48-4085-B8FA-701A672118C8}.Debug|x64.ActiveCfg = Debug|Any CPU
		{DB8EAE05-1C48-4085-B8FA-701A672118C8}.Debug|x86.ActiveCfg = Debug|Any CPU
		{DB8EAE05-1C48-4085-B8FA-701A672118C8}.Release|Any CPU.ActiveCfg = Release|Any CPU
		{DB8EAE05-1C48-4085-B8FA-701A672118C8}.Release|Any CPU.Build.0 = Release|Any CPU
		{DB8EAE05-1C48-4085-B8FA-701A672118C8}.Release|ARM.ActiveCfg = Release|Any CPU
		{DB8EAE05-1C48-4085-B8FA-701A672118C8}.Release|x64.ActiveCfg = Release|Any CPU
		{DB8EAE05-1C48-4085-B8FA-701A672118C8}.Release|x86.ActiveCfg = Release|Any CPU
		{8989DB36-937D-4D0C-8B38-2C5DC84858B6}.Debug|Any CPU.ActiveCfg = Debug|Any CPU
		{8989DB36-937D-4D0C-8B38-2C5DC84858B6}.Debug|Any CPU.Build.0 = Debug|Any CPU
		{8989DB36-937D-4D0C-8B38-2C5DC84858B6}.Debug|ARM.ActiveCfg = Debug|Any CPU
		{8989DB36-937D-4D0C-8B38-2C5DC84858B6}.Debug|x64.ActiveCfg = Debug|Any CPU
		{8989DB36-937D-4D0C-8B38-2C5DC84858B6}.Debug|x86.ActiveCfg = Debug|Any CPU
		{8989DB36-937D-4D0C-8B38-2C5DC84858B6}.Release|Any CPU.ActiveCfg = Release|Any CPU
		{8989DB36-937D-4D0C-8B38-2C5DC84858B6}.Release|Any CPU.Build.0 = Release|Any CPU
		{8989DB36-937D-4D0C-8B38-2C5DC84858B6}.Release|ARM.ActiveCfg = Release|Any CPU
		{8989DB36-937D-4D0C-8B38-2C5DC84858B6}.Release|x64.ActiveCfg = Release|Any CPU
		{8989DB36-937D-4D0C-8B38-2C5DC84858B6}.Release|x86.ActiveCfg = Release|Any CPU
		{CD3D3223-80E4-49E7-9D6F-3096F3FFD510}.Debug|Any CPU.ActiveCfg = Debug|Any CPU
		{CD3D3223-80E4-49E7-9D6F-3096F3FFD510}.Debug|Any CPU.Build.0 = Debug|Any CPU
		{CD3D3223-80E4-49E7-9D6F-3096F3FFD510}.Debug|ARM.ActiveCfg = Debug|Any CPU
		{CD3D3223-80E4-49E7-9D6F-3096F3FFD510}.Debug|x64.ActiveCfg = Debug|Any CPU
		{CD3D3223-80E4-49E7-9D6F-3096F3FFD510}.Debug|x86.ActiveCfg = Debug|Any CPU
		{CD3D3223-80E4-49E7-9D6F-3096F3FFD510}.Release|Any CPU.ActiveCfg = Release|Any CPU
		{CD3D3223-80E4-49E7-9D6F-3096F3FFD510}.Release|Any CPU.Build.0 = Release|Any CPU
		{CD3D3223-80E4-49E7-9D6F-3096F3FFD510}.Release|ARM.ActiveCfg = Release|Any CPU
		{CD3D3223-80E4-49E7-9D6F-3096F3FFD510}.Release|x64.ActiveCfg = Release|Any CPU
		{CD3D3223-80E4-49E7-9D6F-3096F3FFD510}.Release|x86.ActiveCfg = Release|Any CPU
		{4AD350E6-E296-43EF-9FEA-CB70358467E4}.Debug|Any CPU.ActiveCfg = Debug|Any CPU
		{4AD350E6-E296-43EF-9FEA-CB70358467E4}.Debug|Any CPU.Build.0 = Debug|Any CPU
		{4AD350E6-E296-43EF-9FEA-CB70358467E4}.Debug|ARM.ActiveCfg = Debug|Any CPU
		{4AD350E6-E296-43EF-9FEA-CB70358467E4}.Debug|x64.ActiveCfg = Debug|Any CPU
		{4AD350E6-E296-43EF-9FEA-CB70358467E4}.Debug|x86.ActiveCfg = Debug|x86
		{4AD350E6-E296-43EF-9FEA-CB70358467E4}.Debug|x86.Build.0 = Debug|x86
		{4AD350E6-E296-43EF-9FEA-CB70358467E4}.Release|Any CPU.ActiveCfg = Release|Any CPU
		{4AD350E6-E296-43EF-9FEA-CB70358467E4}.Release|Any CPU.Build.0 = Release|Any CPU
		{4AD350E6-E296-43EF-9FEA-CB70358467E4}.Release|ARM.ActiveCfg = Release|Any CPU
		{4AD350E6-E296-43EF-9FEA-CB70358467E4}.Release|x64.ActiveCfg = Release|Any CPU
		{4AD350E6-E296-43EF-9FEA-CB70358467E4}.Release|x86.ActiveCfg = Release|x86
		{4AD350E6-E296-43EF-9FEA-CB70358467E4}.Release|x86.Build.0 = Release|x86
		{94137A7A-D6F0-4746-908E-5931B4943437}.Debug|Any CPU.ActiveCfg = Debug|Any CPU
		{94137A7A-D6F0-4746-908E-5931B4943437}.Debug|Any CPU.Build.0 = Debug|Any CPU
		{94137A7A-D6F0-4746-908E-5931B4943437}.Debug|ARM.ActiveCfg = Debug|Any CPU
		{94137A7A-D6F0-4746-908E-5931B4943437}.Debug|x64.ActiveCfg = Debug|Any CPU
		{94137A7A-D6F0-4746-908E-5931B4943437}.Debug|x86.ActiveCfg = Debug|Any CPU
		{94137A7A-D6F0-4746-908E-5931B4943437}.Release|Any CPU.ActiveCfg = Release|Any CPU
		{94137A7A-D6F0-4746-908E-5931B4943437}.Release|Any CPU.Build.0 = Release|Any CPU
		{94137A7A-D6F0-4746-908E-5931B4943437}.Release|ARM.ActiveCfg = Release|Any CPU
		{94137A7A-D6F0-4746-908E-5931B4943437}.Release|x64.ActiveCfg = Release|Any CPU
		{94137A7A-D6F0-4746-908E-5931B4943437}.Release|x86.ActiveCfg = Release|Any CPU
		{4EB5BEEE-DBA2-4F5C-BFAE-D5E272A2638D}.Debug|Any CPU.ActiveCfg = Debug|Any CPU
		{4EB5BEEE-DBA2-4F5C-BFAE-D5E272A2638D}.Debug|Any CPU.Build.0 = Debug|Any CPU
		{4EB5BEEE-DBA2-4F5C-BFAE-D5E272A2638D}.Debug|ARM.ActiveCfg = Debug|Any CPU
		{4EB5BEEE-DBA2-4F5C-BFAE-D5E272A2638D}.Debug|x64.ActiveCfg = Debug|Any CPU
		{4EB5BEEE-DBA2-4F5C-BFAE-D5E272A2638D}.Debug|x86.ActiveCfg = Debug|Any CPU
		{4EB5BEEE-DBA2-4F5C-BFAE-D5E272A2638D}.Release|Any CPU.ActiveCfg = Release|Any CPU
		{4EB5BEEE-DBA2-4F5C-BFAE-D5E272A2638D}.Release|Any CPU.Build.0 = Release|Any CPU
		{4EB5BEEE-DBA2-4F5C-BFAE-D5E272A2638D}.Release|ARM.ActiveCfg = Release|Any CPU
		{4EB5BEEE-DBA2-4F5C-BFAE-D5E272A2638D}.Release|x64.ActiveCfg = Release|Any CPU
		{4EB5BEEE-DBA2-4F5C-BFAE-D5E272A2638D}.Release|x86.ActiveCfg = Release|Any CPU
		{847B59FC-85B9-4E30-9853-35AF56DEE5CC}.Debug|Any CPU.ActiveCfg = Debug|Any CPU
		{847B59FC-85B9-4E30-9853-35AF56DEE5CC}.Debug|Any CPU.Build.0 = Debug|Any CPU
		{847B59FC-85B9-4E30-9853-35AF56DEE5CC}.Debug|ARM.ActiveCfg = Debug|Any CPU
		{847B59FC-85B9-4E30-9853-35AF56DEE5CC}.Debug|x64.ActiveCfg = Debug|Any CPU
		{847B59FC-85B9-4E30-9853-35AF56DEE5CC}.Debug|x86.ActiveCfg = Debug|Any CPU
		{847B59FC-85B9-4E30-9853-35AF56DEE5CC}.Release|Any CPU.ActiveCfg = Release|Any CPU
		{847B59FC-85B9-4E30-9853-35AF56DEE5CC}.Release|Any CPU.Build.0 = Release|Any CPU
		{847B59FC-85B9-4E30-9853-35AF56DEE5CC}.Release|ARM.ActiveCfg = Release|Any CPU
		{847B59FC-85B9-4E30-9853-35AF56DEE5CC}.Release|x64.ActiveCfg = Release|Any CPU
		{847B59FC-85B9-4E30-9853-35AF56DEE5CC}.Release|x86.ActiveCfg = Release|Any CPU
		{856AF8BD-E652-4DBE-A79F-8C45FF283076}.Debug|Any CPU.ActiveCfg = Debug|Any CPU
		{856AF8BD-E652-4DBE-A79F-8C45FF283076}.Debug|Any CPU.Build.0 = Debug|Any CPU
		{856AF8BD-E652-4DBE-A79F-8C45FF283076}.Debug|ARM.ActiveCfg = Debug|Any CPU
		{856AF8BD-E652-4DBE-A79F-8C45FF283076}.Debug|x64.ActiveCfg = Debug|Any CPU
		{856AF8BD-E652-4DBE-A79F-8C45FF283076}.Debug|x86.ActiveCfg = Debug|Any CPU
		{856AF8BD-E652-4DBE-A79F-8C45FF283076}.Release|Any CPU.ActiveCfg = Release|Any CPU
		{856AF8BD-E652-4DBE-A79F-8C45FF283076}.Release|Any CPU.Build.0 = Release|Any CPU
		{856AF8BD-E652-4DBE-A79F-8C45FF283076}.Release|ARM.ActiveCfg = Release|Any CPU
		{856AF8BD-E652-4DBE-A79F-8C45FF283076}.Release|x64.ActiveCfg = Release|Any CPU
		{856AF8BD-E652-4DBE-A79F-8C45FF283076}.Release|x86.ActiveCfg = Release|Any CPU
		{A3997CB2-8FB4-4301-A577-79FDC91C047A}.Debug|Any CPU.ActiveCfg = Debug|Any CPU
		{A3997CB2-8FB4-4301-A577-79FDC91C047A}.Debug|Any CPU.Build.0 = Debug|Any CPU
		{A3997CB2-8FB4-4301-A577-79FDC91C047A}.Debug|Any CPU.Deploy.0 = Debug|Any CPU
		{A3997CB2-8FB4-4301-A577-79FDC91C047A}.Debug|ARM.ActiveCfg = Debug|ARM
		{A3997CB2-8FB4-4301-A577-79FDC91C047A}.Debug|ARM.Build.0 = Debug|ARM
		{A3997CB2-8FB4-4301-A577-79FDC91C047A}.Debug|ARM.Deploy.0 = Debug|ARM
		{A3997CB2-8FB4-4301-A577-79FDC91C047A}.Debug|x64.ActiveCfg = Debug|x64
		{A3997CB2-8FB4-4301-A577-79FDC91C047A}.Debug|x64.Build.0 = Debug|x64
		{A3997CB2-8FB4-4301-A577-79FDC91C047A}.Debug|x64.Deploy.0 = Debug|x64
		{A3997CB2-8FB4-4301-A577-79FDC91C047A}.Debug|x86.ActiveCfg = Debug|x86
		{A3997CB2-8FB4-4301-A577-79FDC91C047A}.Debug|x86.Build.0 = Debug|x86
		{A3997CB2-8FB4-4301-A577-79FDC91C047A}.Debug|x86.Deploy.0 = Debug|x86
		{A3997CB2-8FB4-4301-A577-79FDC91C047A}.Release|Any CPU.ActiveCfg = Release|Any CPU
		{A3997CB2-8FB4-4301-A577-79FDC91C047A}.Release|Any CPU.Build.0 = Release|Any CPU
		{A3997CB2-8FB4-4301-A577-79FDC91C047A}.Release|Any CPU.Deploy.0 = Release|Any CPU
		{A3997CB2-8FB4-4301-A577-79FDC91C047A}.Release|ARM.ActiveCfg = Release|ARM
		{A3997CB2-8FB4-4301-A577-79FDC91C047A}.Release|ARM.Build.0 = Release|ARM
		{A3997CB2-8FB4-4301-A577-79FDC91C047A}.Release|ARM.Deploy.0 = Release|ARM
		{A3997CB2-8FB4-4301-A577-79FDC91C047A}.Release|x64.ActiveCfg = Release|x64
		{A3997CB2-8FB4-4301-A577-79FDC91C047A}.Release|x64.Build.0 = Release|x64
		{A3997CB2-8FB4-4301-A577-79FDC91C047A}.Release|x64.Deploy.0 = Release|x64
		{A3997CB2-8FB4-4301-A577-79FDC91C047A}.Release|x86.ActiveCfg = Release|x86
		{A3997CB2-8FB4-4301-A577-79FDC91C047A}.Release|x86.Build.0 = Release|x86
		{A3997CB2-8FB4-4301-A577-79FDC91C047A}.Release|x86.Deploy.0 = Release|x86
		{C6E6C23F-0FF6-4834-BE70-8813B2A340E3}.Debug|Any CPU.ActiveCfg = Debug|Any CPU
		{C6E6C23F-0FF6-4834-BE70-8813B2A340E3}.Debug|Any CPU.Build.0 = Debug|Any CPU
		{C6E6C23F-0FF6-4834-BE70-8813B2A340E3}.Debug|ARM.ActiveCfg = Debug|Any CPU
		{C6E6C23F-0FF6-4834-BE70-8813B2A340E3}.Debug|x64.ActiveCfg = Debug|Any CPU
		{C6E6C23F-0FF6-4834-BE70-8813B2A340E3}.Debug|x86.ActiveCfg = Debug|Any CPU
		{C6E6C23F-0FF6-4834-BE70-8813B2A340E3}.Release|Any CPU.ActiveCfg = Release|Any CPU
		{C6E6C23F-0FF6-4834-BE70-8813B2A340E3}.Release|Any CPU.Build.0 = Release|Any CPU
		{C6E6C23F-0FF6-4834-BE70-8813B2A340E3}.Release|ARM.ActiveCfg = Release|Any CPU
		{C6E6C23F-0FF6-4834-BE70-8813B2A340E3}.Release|x64.ActiveCfg = Release|Any CPU
		{C6E6C23F-0FF6-4834-BE70-8813B2A340E3}.Release|x86.ActiveCfg = Release|Any CPU
		{2BA5C09D-A114-42FC-B056-E82CEA40FB12}.Debug|Any CPU.ActiveCfg = Debug|Any CPU
		{2BA5C09D-A114-42FC-B056-E82CEA40FB12}.Debug|Any CPU.Build.0 = Debug|Any CPU
		{2BA5C09D-A114-42FC-B056-E82CEA40FB12}.Debug|ARM.ActiveCfg = Debug|ARM
		{2BA5C09D-A114-42FC-B056-E82CEA40FB12}.Debug|ARM.Build.0 = Debug|ARM
		{2BA5C09D-A114-42FC-B056-E82CEA40FB12}.Debug|x64.ActiveCfg = Debug|x64
		{2BA5C09D-A114-42FC-B056-E82CEA40FB12}.Debug|x64.Build.0 = Debug|x64
		{2BA5C09D-A114-42FC-B056-E82CEA40FB12}.Debug|x86.ActiveCfg = Debug|x86
		{2BA5C09D-A114-42FC-B056-E82CEA40FB12}.Debug|x86.Build.0 = Debug|x86
		{2BA5C09D-A114-42FC-B056-E82CEA40FB12}.Release|Any CPU.ActiveCfg = Release|Any CPU
		{2BA5C09D-A114-42FC-B056-E82CEA40FB12}.Release|Any CPU.Build.0 = Release|Any CPU
		{2BA5C09D-A114-42FC-B056-E82CEA40FB12}.Release|ARM.ActiveCfg = Release|ARM
		{2BA5C09D-A114-42FC-B056-E82CEA40FB12}.Release|ARM.Build.0 = Release|ARM
		{2BA5C09D-A114-42FC-B056-E82CEA40FB12}.Release|x64.ActiveCfg = Release|x64
		{2BA5C09D-A114-42FC-B056-E82CEA40FB12}.Release|x64.Build.0 = Release|x64
		{2BA5C09D-A114-42FC-B056-E82CEA40FB12}.Release|x86.ActiveCfg = Release|x86
		{2BA5C09D-A114-42FC-B056-E82CEA40FB12}.Release|x86.Build.0 = Release|x86
	EndGlobalSection
	GlobalSection(SolutionProperties) = preSolution
		HideSolutionNode = FALSE
	EndGlobalSection
	GlobalSection(NestedProjects) = preSolution
		{2A4BD262-D6EB-4611-A28B-27B6DAEB089B} = {59F722D5-6E5C-4544-A849-18E7CE876FDF}
		{91EA9B9D-FE03-4273-BDAF-8AD42EDE1E59} = {16A9EA72-79A5-448D-B7A3-55E7D8362479}
		{01C3C379-C816-4779-942D-0263763F8EA5} = {3C626068-E8CE-4F62-8974-F42A56F4EFD3}
		{470C034F-1F1F-499C-9499-DC00B9EEEDE9} = {B9F4AE0C-B816-4BFF-BFB4-54D31648EE16}
		{F4F82CCE-2E13-441B-939C-63CF2343B1C9} = {3C626068-E8CE-4F62-8974-F42A56F4EFD3}
		{26B3033C-D1E2-4188-870C-D197E95A7F6B} = {59F722D5-6E5C-4544-A849-18E7CE876FDF}
		{43D3AD52-FED5-4305-B0F4-6B991220CD0A} = {5014C740-F6C7-4995-8D40-C250FB159A20}
		{9352651C-E157-4A3D-BD76-34CBF7C92226} = {16A9EA72-79A5-448D-B7A3-55E7D8362479}
		{321C9CCF-6F9B-4751-AB34-882DEE982A7E} = {3C626068-E8CE-4F62-8974-F42A56F4EFD3}
		{DB8EAE05-1C48-4085-B8FA-701A672118C8} = {16A9EA72-79A5-448D-B7A3-55E7D8362479}
		{8989DB36-937D-4D0C-8B38-2C5DC84858B6} = {16A9EA72-79A5-448D-B7A3-55E7D8362479}
		{CD3D3223-80E4-49E7-9D6F-3096F3FFD510} = {16A9EA72-79A5-448D-B7A3-55E7D8362479}
		{4AD350E6-E296-43EF-9FEA-CB70358467E4} = {FA582319-EA17-4C52-870D-C00EF793628F}
		{94137A7A-D6F0-4746-908E-5931B4943437} = {FA582319-EA17-4C52-870D-C00EF793628F}
		{4EB5BEEE-DBA2-4F5C-BFAE-D5E272A2638D} = {FA582319-EA17-4C52-870D-C00EF793628F}
		{847B59FC-85B9-4E30-9853-35AF56DEE5CC} = {FA582319-EA17-4C52-870D-C00EF793628F}
		{856AF8BD-E652-4DBE-A79F-8C45FF283076} = {FA582319-EA17-4C52-870D-C00EF793628F}
		{A3997CB2-8FB4-4301-A577-79FDC91C047A} = {B9F4AE0C-B816-4BFF-BFB4-54D31648EE16}
		{C6E6C23F-0FF6-4834-BE70-8813B2A340E3} = {FA582319-EA17-4C52-870D-C00EF793628F}
		{2BA5C09D-A114-42FC-B056-E82CEA40FB12} = {16A9EA72-79A5-448D-B7A3-55E7D8362479}
	EndGlobalSection
EndGlobal
